
Microsoft Visual Studio Solution File, Format Version 12.00
# Visual Studio 15
VisualStudioVersion = 15.0.28307.852
MinimumVisualStudioVersion = 10.0.40219.1
Project("{FAE04EC0-301F-11D3-BF4B-00C04F79EFBC}") = "SpeakDecimalNumber", "SpeakDecimalNumber\SpeakDecimalNumber.csproj", "{AEF090A2-09E3-4FE8-B466-74F98894A8C5}"
EndProject
Project("{FAE04EC0-301F-11D3-BF4B-00C04F79EFBC}") = "RomanNumeralsConvertor", "RomanNumeralsConvertor\RomanNumeralsConvertor.csproj", "{AB6F0377-6F64-46FA-A428-9C2A1893087F}"
EndProject
Global
	GlobalSection(SolutionConfigurationPlatforms) = preSolution
		Debug|Any CPU = Debug|Any CPU
		Release|Any CPU = Release|Any CPU
	EndGlobalSection
	GlobalSection(ProjectConfigurationPlatforms) = postSolution
		{AEF090A2-09E3-4FE8-B466-74F98894A8C5}.Debug|Any CPU.ActiveCfg = Debug|Any CPU
		{AEF090A2-09E3-4FE8-B466-74F98894A8C5}.Debug|Any CPU.Build.0 = Debug|Any CPU
		{AEF090A2-09E3-4FE8-B466-74F98894A8C5}.Release|Any CPU.ActiveCfg = Release|Any CPU
		{AEF090A2-09E3-4FE8-B466-74F98894A8C5}.Release|Any CPU.Build.0 = Release|Any CPU
		{AB6F0377-6F64-46FA-A428-9C2A1893087F}.Debug|Any CPU.ActiveCfg = Debug|Any CPU
		{AB6F0377-6F64-46FA-A428-9C2A1893087F}.Debug|Any CPU.Build.0 = Debug|Any CPU
		{AB6F0377-6F64-46FA-A428-9C2A1893087F}.Release|Any CPU.ActiveCfg = Release|Any CPU
		{AB6F0377-6F64-46FA-A428-9C2A1893087F}.Release|Any CPU.Build.0 = Release|Any CPU
	EndGlobalSection
	GlobalSection(SolutionProperties) = preSolution
		HideSolutionNode = FALSE
	EndGlobalSection
	GlobalSection(ExtensibilityGlobals) = postSolution
		SolutionGuid = {D977E7FD-6879-417D-A2DF-F0D1F340078B}
	EndGlobalSection
EndGlobal
